
Microsoft Visual Studio Solution File, Format Version 10.00
# Visual C++ Express 2008
Project("{8BC9CEB8-8B4A-11D0-8D11-00A0C91BC942}") = "ipoptExternalEval", "ipoptExternalEval\ipoptExternalEval.vcproj", "{0BD5BF4B-FD7E-4BF3-91CA-91AC96329965}"
EndProject
Global
	GlobalSection(SolutionConfigurationPlatforms) = preSolution
		Debug|Win32 = Debug|Win32
		Release|Win32 = Release|Win32
	EndGlobalSection
	GlobalSection(ProjectConfigurationPlatforms) = postSolution
		{0BD5BF4B-FD7E-4BF3-91CA-91AC96329965}.Debug|Win32.ActiveCfg = Debug|Win32
		{0BD5BF4B-FD7E-4BF3-91CA-91AC96329965}.Debug|Win32.Build.0 = Debug|Win32
		{0BD5BF4B-FD7E-4BF3-91CA-91AC96329965}.Release|Win32.ActiveCfg = Release|Win32
		{0BD5BF4B-FD7E-4BF3-91CA-91AC96329965}.Release|Win32.Build.0 = Release|Win32
	EndGlobalSection
	GlobalSection(SolutionProperties) = preSolution
		HideSolutionNode = FALSE
	EndGlobalSection
EndGlobal
