
Microsoft Visual Studio Solution File, Format Version 10.00
# Visual C++ Express 2008
Project("{8BC9CEB8-8B4A-11D0-8D11-00A0C91BC942}") = "dummyComm", "dummyComm\dummyComm.vcproj", "{798BA21F-45F0-4D88-9D74-C38E53F1C155}"
EndProject
Global
	GlobalSection(SolutionConfigurationPlatforms) = preSolution
		Debug|Win32 = Debug|Win32
		Release|Win32 = Release|Win32
	EndGlobalSection
	GlobalSection(ProjectConfigurationPlatforms) = postSolution
		{798BA21F-45F0-4D88-9D74-C38E53F1C155}.Debug|Win32.ActiveCfg = Debug|Win32
		{798BA21F-45F0-4D88-9D74-C38E53F1C155}.Debug|Win32.Build.0 = Debug|Win32
		{798BA21F-45F0-4D88-9D74-C38E53F1C155}.Release|Win32.ActiveCfg = Release|Win32
		{798BA21F-45F0-4D88-9D74-C38E53F1C155}.Release|Win32.Build.0 = Release|Win32
	EndGlobalSection
	GlobalSection(SolutionProperties) = preSolution
		HideSolutionNode = FALSE
	EndGlobalSection
EndGlobal
